
Microsoft Visual Studio Solution File, Format Version 12.00
# Visual Studio Version 16
VisualStudioVersion = 16.0.30517.126
MinimumVisualStudioVersion = 10.0.40219.1
Project("{FAE04EC0-301F-11D3-BF4B-00C04F79EFBC}") = "Consumer", "Consumer\Consumer.csproj", "{F57DDAAD-76D9-4E54-AE93-4FEE4ECCEB70}"
EndProject
Global
	GlobalSection(SolutionConfigurationPlatforms) = preSolution
		Debug|Any CPU = Debug|Any CPU
		Release|Any CPU = Release|Any CPU
	EndGlobalSection
	GlobalSection(ProjectConfigurationPlatforms) = postSolution
		{F57DDAAD-76D9-4E54-AE93-4FEE4ECCEB70}.Debug|Any CPU.ActiveCfg = Debug|Any CPU
		{F57DDAAD-76D9-4E54-AE93-4FEE4ECCEB70}.Debug|Any CPU.Build.0 = Debug|Any CPU
		{F57DDAAD-76D9-4E54-AE93-4FEE4ECCEB70}.Release|Any CPU.ActiveCfg = Release|Any CPU
		{F57DDAAD-76D9-4E54-AE93-4FEE4ECCEB70}.Release|Any CPU.Build.0 = Release|Any CPU
	EndGlobalSection
	GlobalSection(SolutionProperties) = preSolution
		HideSolutionNode = FALSE
	EndGlobalSection
	GlobalSection(ExtensibilityGlobals) = postSolution
		SolutionGuid = {0690AD05-5C0A-4F78-B1DF-0BD676F953DF}
	EndGlobalSection
EndGlobal
